// !$*UTF8*$!
{
	archiveVersion = 1;
	classes = {
	};
	objectVersion = 46;
	objects = {

/* Begin PBXBuildFile section */
		3990B2241C756D130011B853 /* AppDelegate.swift in Sources */ = {isa = PBXBuildFile; fileRef = 3990B2231C756D130011B853 /* AppDelegate.swift */; };
		3990B2261C756D130011B853 /* ViewController.swift in Sources */ = {isa = PBXBuildFile; fileRef = 3990B2251C756D130011B853 /* ViewController.swift */; };
		3990B2291C756D130011B853 /* Main.storyboard in Resources */ = {isa = PBXBuildFile; fileRef = 3990B2271C756D130011B853 /* Main.storyboard */; };
		3990B22B1C756D130011B853 /* Assets.xcassets in Resources */ = {isa = PBXBuildFile; fileRef = 3990B22A1C756D130011B853 /* Assets.xcassets */; };
		3990B22E1C756D130011B853 /* LaunchScreen.storyboard in Resources */ = {isa = PBXBuildFile; fileRef = 3990B22C1C756D130011B853 /* LaunchScreen.storyboard */; };
		3990B2391C756D140011B853 /* CanvasTests.swift in Sources */ = {isa = PBXBuildFile; fileRef = 3990B2381C756D140011B853 /* CanvasTests.swift */; };
		3990B2441C756D140011B853 /* CanvasUITests.swift in Sources */ = {isa = PBXBuildFile; fileRef = 3990B2431C756D140011B853 /* CanvasUITests.swift */; };
		3990B2521C756D750011B853 /* CanvasViewController.swift in Sources */ = {isa = PBXBuildFile; fileRef = 3990B2511C756D750011B853 /* CanvasViewController.swift */; };
/* End PBXBuildFile section */

/* Begin PBXContainerItemProxy section */
		3990B2351C756D140011B853 /* PBXContainerItemProxy */ = {
			isa = PBXContainerItemProxy;
			containerPortal = 3990B2181C756D130011B853 /* Project object */;
			proxyType = 1;
			remoteGlobalIDString = 3990B21F1C756D130011B853;
			remoteInfo = Canvas;
		};
		3990B2401C756D140011B853 /* PBXContainerItemProxy */ = {
			isa = PBXContainerItemProxy;
			containerPortal = 3990B2181C756D130011B853 /* Project object */;
			proxyType = 1;
			remoteGlobalIDString = 3990B21F1C756D130011B853;
			remoteInfo = Canvas;
		};
/* End PBXContainerItemProxy section */

/* Begin PBXFileReference section */
		3990B2201C756D130011B853 /* Canvas.app */ = {isa = PBXFileReference; explicitFileType = wrapper.application; includeInIndex = 0; path = Canvas.app; sourceTree = BUILT_PRODUCTS_DIR; };
		3990B2231C756D130011B853 /* AppDelegate.swift */ = {isa = PBXFileReference; lastKnownFileType = sourcecode.swift; path = AppDelegate.swift; sourceTree = "<group>"; };
		3990B2251C756D130011B853 /* ViewController.swift */ = {isa = PBXFileReference; lastKnownFileType = sourcecode.swift; path = ViewController.swift; sourceTree = "<group>"; };
		3990B2281C756D130011B853 /* Base */ = {isa = PBXFileReference; lastKnownFileType = file.storyboard; name = Base; path = Base.lproj/Main.storyboard; sourceTree = "<group>"; };
		3990B22A1C756D130011B853 /* Assets.xcassets */ = {isa = PBXFileReference; lastKnownFileType = folder.assetcatalog; path = Assets.xcassets; sourceTree = "<group>"; };
		3990B22D1C756D130011B853 /* Base */ = {isa = PBXFileReference; lastKnownFileType = file.storyboard; name = Base; path = Base.lproj/LaunchScreen.storyboard; sourceTree = "<group>"; };
		3990B22F1C756D130011B853 /* Info.plist */ = {isa = PBXFileReference; lastKnownFileType = text.plist.xml; path = Info.plist; sourceTree = "<group>"; };
		3990B2341C756D140011B853 /* CanvasTests.xctest */ = {isa = PBXFileReference; explicitFileType = wrapper.cfbundle; includeInIndex = 0; path = CanvasTests.xctest; sourceTree = BUILT_PRODUCTS_DIR; };
		3990B2381C756D140011B853 /* CanvasTests.swift */ = {isa = PBXFileReference; lastKnownFileType = sourcecode.swift; path = CanvasTests.swift; sourceTree = "<group>"; };
		3990B23A1C756D140011B853 /* Info.plist */ = {isa = PBXFileReference; lastKnownFileType = text.plist.xml; path = Info.plist; sourceTree = "<group>"; };
		3990B23F1C756D140011B853 /* CanvasUITests.xctest */ = {isa = PBXFileReference; explicitFileType = wrapper.cfbundle; includeInIndex = 0; path = CanvasUITests.xctest; sourceTree = BUILT_PRODUCTS_DIR; };
		3990B2431C756D140011B853 /* CanvasUITests.swift */ = {isa = PBXFileReference; lastKnownFileType = sourcecode.swift; path = CanvasUITests.swift; sourceTree = "<group>"; };
		3990B2451C756D140011B853 /* Info.plist */ = {isa = PBXFileReference; lastKnownFileType = text.plist.xml; path = Info.plist; sourceTree = "<group>"; };
		3990B2511C756D750011B853 /* CanvasViewController.swift */ = {isa = PBXFileReference; fileEncoding = 4; lastKnownFileType = sourcecode.swift; path = CanvasViewController.swift; sourceTree = "<group>"; };
/* End PBXFileReference section */

/* Begin PBXFrameworksBuildPhase section */
		3990B21D1C756D130011B853 /* Frameworks */ = {
			isa = PBXFrameworksBuildPhase;
			buildActionMask = 2147483647;
			files = (
			);
			runOnlyForDeploymentPostprocessing = 0;
		};
		3990B2311C756D140011B853 /* Frameworks */ = {
			isa = PBXFrameworksBuildPhase;
			buildActionMask = 2147483647;
			files = (
			);
			runOnlyForDeploymentPostprocessing = 0;
		};
		3990B23C1C756D140011B853 /* Frameworks */ = {
			isa = PBXFrameworksBuildPhase;
			buildActionMask = 2147483647;
			files = (
			);
			runOnlyForDeploymentPostprocessing = 0;
		};
/* End PBXFrameworksBuildPhase section */

/* Begin PBXGroup section */
		3990B2171C756D130011B853 = {
			isa = PBXGroup;
			children = (
				3990B2221C756D130011B853 /* Canvas */,
				3990B2371C756D140011B853 /* CanvasTests */,
				3990B2421C756D140011B853 /* CanvasUITests */,
				3990B2211C756D130011B853 /* Products */,
			);
			sourceTree = "<group>";
		};
		3990B2211C756D130011B853 /* Products */ = {
			isa = PBXGroup;
			children = (
				3990B2201C756D130011B853 /* Canvas.app */,
				3990B2341C756D140011B853 /* CanvasTests.xctest */,
				3990B23F1C756D140011B853 /* CanvasUITests.xctest */,
			);
			name = Products;
			sourceTree = "<group>";
		};
		3990B2221C756D130011B853 /* Canvas */ = {
			isa = PBXGroup;
			children = (
				3990B2231C756D130011B853 /* AppDelegate.swift */,
				3990B2251C756D130011B853 /* ViewController.swift */,
				3990B2271C756D130011B853 /* Main.storyboard */,
				3990B2511C756D750011B853 /* CanvasViewController.swift */,
				3990B22A1C756D130011B853 /* Assets.xcassets */,
				3990B22C1C756D130011B853 /* LaunchScreen.storyboard */,
				3990B22F1C756D130011B853 /* Info.plist */,
			);
			path = Canvas;
			sourceTree = "<group>";
		};
		3990B2371C756D140011B853 /* CanvasTests */ = {
			isa = PBXGroup;
			children = (
				3990B2381C756D140011B853 /* CanvasTests.swift */,
				3990B23A1C756D140011B853 /* Info.plist */,
			);
			path = CanvasTests;
			sourceTree = "<group>";
		};
		3990B2421C756D140011B853 /* CanvasUITests */ = {
			isa = PBXGroup;
			children = (
				3990B2431C756D140011B853 /* CanvasUITests.swift */,
				3990B2451C756D140011B853 /* Info.plist */,
			);
			path = CanvasUITests;
			sourceTree = "<group>";
		};
/* End PBXGroup section */

/* Begin PBXNativeTarget section */
		3990B21F1C756D130011B853 /* Canvas */ = {
			isa = PBXNativeTarget;
			buildConfigurationList = 3990B2481C756D140011B853 /* Build configuration list for PBXNativeTarget "Canvas" */;
			buildPhases = (
				3990B21C1C756D130011B853 /* Sources */,
				3990B21D1C756D130011B853 /* Frameworks */,
				3990B21E1C756D130011B853 /* Resources */,
			);
			buildRules = (
			);
			dependencies = (
			);
			name = Canvas;
			productName = Canvas;
			productReference = 3990B2201C756D130011B853 /* Canvas.app */;
			productType = "com.apple.product-type.application";
		};
		3990B2331C756D140011B853 /* CanvasTests */ = {
			isa = PBXNativeTarget;
			buildConfigurationList = 3990B24B1C756D140011B853 /* Build configuration list for PBXNativeTarget "CanvasTests" */;
			buildPhases = (
				3990B2301C756D140011B853 /* Sources */,
				3990B2311C756D140011B853 /* Frameworks */,
				3990B2321C756D140011B853 /* Resources */,
			);
			buildRules = (
			);
			dependencies = (
				3990B2361C756D140011B853 /* PBXTargetDependency */,
			);
			name = CanvasTests;
			productName = CanvasTests;
			productReference = 3990B2341C756D140011B853 /* CanvasTests.xctest */;
			productType = "com.apple.product-type.bundle.unit-test";
		};
		3990B23E1C756D140011B853 /* CanvasUITests */ = {
			isa = PBXNativeTarget;
			buildConfigurationList = 3990B24E1C756D140011B853 /* Build configuration list for PBXNativeTarget "CanvasUITests" */;
			buildPhases = (
				3990B23B1C756D140011B853 /* Sources */,
				3990B23C1C756D140011B853 /* Frameworks */,
				3990B23D1C756D140011B853 /* Resources */,
			);
			buildRules = (
			);
			dependencies = (
				3990B2411C756D140011B853 /* PBXTargetDependency */,
			);
			name = CanvasUITests;
			productName = CanvasUITests;
			productReference = 3990B23F1C756D140011B853 /* CanvasUITests.xctest */;
			productType = "com.apple.product-type.bundle.ui-testing";
		};
/* End PBXNativeTarget section */

/* Begin PBXProject section */
		3990B2181C756D130011B853 /* Project object */ = {
			isa = PBXProject;
			attributes = {
				LastSwiftUpdateCheck = 0720;
				LastUpgradeCheck = 0720;
				ORGANIZATIONNAME = "Hannah Peckham";
				TargetAttributes = {
					3990B21F1C756D130011B853 = {
						CreatedOnToolsVersion = 7.2.1;
					};
					3990B2331C756D140011B853 = {
						CreatedOnToolsVersion = 7.2.1;
						TestTargetID = 3990B21F1C756D130011B853;
					};
					3990B23E1C756D140011B853 = {
						CreatedOnToolsVersion = 7.2.1;
						TestTargetID = 3990B21F1C756D130011B853;
					};
				};
			};
			buildConfigurationList = 3990B21B1C756D130011B853 /* Build configuration list for PBXProject "Canvas" */;
			compatibilityVersion = "Xcode 3.2";
			developmentRegion = English;
			hasScannedForEncodings = 0;
			knownRegions = (
				en,
				Base,
			);
			mainGroup = 3990B2171C756D130011B853;
			productRefGroup = 3990B2211C756D130011B853 /* Products */;
			projectDirPath = "";
			projectRoot = "";
			targets = (
				3990B21F1C756D130011B853 /* Canvas */,
				3990B2331C756D140011B853 /* CanvasTests */,
				3990B23E1C756D140011B853 /* CanvasUITests */,
			);
		};
/* End PBXProject section */

/* Begin PBXResourcesBuildPhase section */
		3990B21E1C756D130011B853 /* Resources */ = {
			isa = PBXResourcesBuildPhase;
			buildActionMask = 2147483647;
			files = (
				3990B22E1C756D130011B853 /* LaunchScreen.storyboard in Resources */,
				3990B22B1C756D130011B853 /* Assets.xcassets in Resources */,
				3990B2291C756D130011B853 /* Main.storyboard in Resources */,
			);
			runOnlyForDeploymentPostprocessing = 0;
		};
		3990B2321C756D140011B853 /* Resources */ = {
			isa = PBXResourcesBuildPhase;
			buildActionMask = 2147483647;
			files = (
			);
			runOnlyForDeploymentPostprocessing = 0;
		};
		3990B23D1C756D140011B853 /* Resources */ = {
			isa = PBXResourcesBuildPhase;
			buildActionMask = 2147483647;
			files = (
			);
			runOnlyForDeploymentPostprocessing = 0;
		};
/* End PBXResourcesBuildPhase section */

/* Begin PBXSourcesBuildPhase section */
		3990B21C1C756D130011B853 /* Sources */ = {
			isa = PBXSourcesBuildPhase;
			buildActionMask = 2147483647;
			files = (
				3990B2261C756D130011B853 /* ViewController.swift in Sources */,
				3990B2521C756D750011B853 /* CanvasViewController.swift in Sources */,
				3990B2241C756D130011B853 /* AppDelegate.swift in Sources */,
			);
			runOnlyForDeploymentPostprocessing = 0;
		};
		3990B2301C756D140011B853 /* Sources */ = {
			isa = PBXSourcesBuildPhase;
			buildActionMask = 2147483647;
			files = (
				3990B2391C756D140011B853 /* CanvasTests.swift in Sources */,
			);
			runOnlyForDeploymentPostprocessing = 0;
		};
		3990B23B1C756D140011B853 /* Sources */ = {
			isa = PBXSourcesBuildPhase;
			buildActionMask = 2147483647;
			files = (
				3990B2441C756D140011B853 /* CanvasUITests.swift in Sources */,
			);
			runOnlyForDeploymentPostprocessing = 0;
		};
/* End PBXSourcesBuildPhase section */

/* Begin PBXTargetDependency section */
		3990B2361C756D140011B853 /* PBXTargetDependency */ = {
			isa = PBXTargetDependency;
			target = 3990B21F1C756D130011B853 /* Canvas */;
			targetProxy = 3990B2351C756D140011B853 /* PBXContainerItemProxy */;
		};
		3990B2411C756D140011B853 /* PBXTargetDependency */ = {
			isa = PBXTargetDependency;
			target = 3990B21F1C756D130011B853 /* Canvas */;
			targetProxy = 3990B2401C756D140011B853 /* PBXContainerItemProxy */;
		};
/* End PBXTargetDependency section */

/* Begin PBXVariantGroup section */
		3990B2271C756D130011B853 /* Main.storyboard */ = {
			isa = PBXVariantGroup;
			children = (
				3990B2281C756D130011B853 /* Base */,
			);
			name = Main.storyboard;
			sourceTree = "<group>";
		};
		3990B22C1C756D130011B853 /* LaunchScreen.storyboard */ = {
			isa = PBXVariantGroup;
			children = (
				3990B22D1C756D130011B853 /* Base */,
			);
			name = LaunchScreen.storyboard;
			sourceTree = "<group>";
		};
/* End PBXVariantGroup section */

/* Begin XCBuildConfiguration section */
		3990B2461C756D140011B853 /* Debug */ = {
			isa = XCBuildConfiguration;
			buildSettings = {
				ALWAYS_SEARCH_USER_PATHS = NO;
				CLANG_CXX_LANGUAGE_STANDARD = "gnu++0x";
				CLANG_CXX_LIBRARY = "libc++";
				CLANG_ENABLE_MODULES = YES;
				CLANG_ENABLE_OBJC_ARC = YES;
				CLANG_WARN_BOOL_CONVERSION = YES;
				CLANG_WARN_CONSTANT_CONVERSION = YES;
				CLANG_WARN_DIRECT_OBJC_ISA_USAGE = YES_ERROR;
				CLANG_WARN_EMPTY_BODY = YES;
				CLANG_WARN_ENUM_CONVERSION = YES;
				CLANG_WARN_INT_CONVERSION = YES;
				CLANG_WARN_OBJC_ROOT_CLASS = YES_ERROR;
				CLANG_WARN_UNREACHABLE_CODE = YES;
				CLANG_WARN__DUPLICATE_METHOD_MATCH = YES;
				"CODE_SIGN_IDENTITY[sdk=iphoneos*]" = "iPhone Developer";
				COPY_PHASE_STRIP = NO;
				DEBUG_INFORMATION_FORMAT = dwarf;
				ENABLE_STRICT_OBJC_MSGSEND = YES;
				ENABLE_TESTABILITY = YES;
				GCC_C_LANGUAGE_STANDARD = gnu99;
				GCC_DYNAMIC_NO_PIC = NO;
				GCC_NO_COMMON_BLOCKS = YES;
				GCC_OPTIMIZATION_LEVEL = 0;
				GCC_PREPROCESSOR_DEFINITIONS = (
					"DEBUG=1",
					"$(inherited)",
				);
				GCC_WARN_64_TO_32_BIT_CONVERSION = YES;
				GCC_WARN_ABOUT_RETURN_TYPE = YES_ERROR;
				GCC_WARN_UNDECLARED_SELECTOR = YES;
				GCC_WARN_UNINITIALIZED_AUTOS = YES_AGGRESSIVE;
				GCC_WARN_UNUSED_FUNCTION = YES;
				GCC_WARN_UNUSED_VARIABLE = YES;
				IPHONEOS_DEPLOYMENT_TARGET = 9.2;
				MTL_ENABLE_DEBUG_INFO = YES;
				ONLY_ACTIVE_ARCH = YES;
				SDKROOT = iphoneos;
				SWIFT_OPTIMIZATION_LEVEL = "-Onone";
			};
			name = Debug;
		};
		3990B2471C756D140011B853 /* Release */ = {
			isa = XCBuildConfiguration;
			buildSettings = {
				ALWAYS_SEARCH_USER_PATHS = NO;
				CLANG_CXX_LANGUAGE_STANDARD = "gnu++0x";
				CLANG_CXX_LIBRARY = "libc++";
				CLANG_ENABLE_MODULES = YES;
				CLANG_ENABLE_OBJC_ARC = YES;
				CLANG_WARN_BOOL_CONVERSION = YES;
				CLANG_WARN_CONSTANT_CONVERSION = YES;
				CLANG_WARN_DIRECT_OBJC_ISA_USAGE = YES_ERROR;
				CLANG_WARN_EMPTY_BODY = YES;
				CLANG_WARN_ENUM_CONVERSION = YES;
				CLANG_WARN_INT_CONVERSION = YES;
				CLANG_WARN_OBJC_ROOT_CLASS = YES_ERROR;
				CLANG_WARN_UNREACHABLE_CODE = YES;
				CLANG_WARN__DUPLICATE_METHOD_MATCH = YES;
				"CODE_SIGN_IDENTITY[sdk=iphoneos*]" = "iPhone Developer";
				COPY_PHASE_STRIP = NO;
				DEBUG_INFORMATION_FORMAT = "dwarf-with-dsym";
				ENABLE_NS_ASSERTIONS = NO;
				ENABLE_STRICT_OBJC_MSGSEND = YES;
				GCC_C_LANGUAGE_STANDARD = gnu99;
				GCC_NO_COMMON_BLOCKS = YES;
				GCC_WARN_64_TO_32_BIT_CONVERSION = YES;
				GCC_WARN_ABOUT_RETURN_TYPE = YES_ERROR;
				GCC_WARN_UNDECLARED_SELECTOR = YES;
				GCC_WARN_UNINITIALIZED_AUTOS = YES_AGGRESSIVE;
				GCC_WARN_UNUSED_FUNCTION = YES;
				GCC_WARN_UNUSED_VARIABLE = YES;
				IPHONEOS_DEPLOYMENT_TARGET = 9.2;
				MTL_ENABLE_DEBUG_INFO = NO;
				SDKROOT = iphoneos;
				VALIDATE_PRODUCT = YES;
			};
			name = Release;
		};
		3990B2491C756D140011B853 /* Debug */ = {
			isa = XCBuildConfiguration;
			buildSettings = {
				ASSETCATALOG_COMPILER_APPICON_NAME = AppIcon;
				INFOPLIST_FILE = Canvas/Info.plist;
				LD_RUNPATH_SEARCH_PATHS = "$(inherited) @executable_path/Frameworks";
				PRODUCT_BUNDLE_IDENTIFIER = test.Canvas;
				PRODUCT_NAME = "$(TARGET_NAME)";
			};
			name = Debug;
		};
		3990B24A1C756D140011B853 /* Release */ = {
			isa = XCBuildConfiguration;
			buildSettings = {
				ASSETCATALOG_COMPILER_APPICON_NAME = AppIcon;
				INFOPLIST_FILE = Canvas/Info.plist;
				LD_RUNPATH_SEARCH_PATHS = "$(inherited) @executable_path/Frameworks";
				PRODUCT_BUNDLE_IDENTIFIER = test.Canvas;
				PRODUCT_NAME = "$(TARGET_NAME)";
			};
			name = Release;
		};
		3990B24C1C756D140011B853 /* Debug */ = {
			isa = XCBuildConfiguration;
			buildSettings = {
				BUNDLE_LOADER = "$(TEST_HOST)";
				INFOPLIST_FILE = CanvasTests/Info.plist;
				LD_RUNPATH_SEARCH_PATHS = "$(inherited) @executable_path/Frameworks @loader_path/Frameworks";
				PRODUCT_BUNDLE_IDENTIFIER = test.CanvasTests;
				PRODUCT_NAME = "$(TARGET_NAME)";
				TEST_HOST = "$(BUILT_PRODUCTS_DIR)/Canvas.app/Canvas";
			};
			name = Debug;
		};
		3990B24D1C756D140011B853 /* Release */ = {
			isa = XCBuildConfiguration;
			buildSettings = {
				BUNDLE_LOADER = "$(TEST_HOST)";
				INFOPLIST_FILE = CanvasTests/Info.plist;
				LD_RUNPATH_SEARCH_PATHS = "$(inherited) @executable_path/Frameworks @loader_path/Frameworks";
				PRODUCT_BUNDLE_IDENTIFIER = test.CanvasTests;
				PRODUCT_NAME = "$(TARGET_NAME)";
				TEST_HOST = "$(BUILT_PRODUCTS_DIR)/Canvas.app/Canvas";
			};
			name = Release;
		};
		3990B24F1C756D140011B853 /* Debug */ = {
			isa = XCBuildConfiguration;
			buildSettings = {
				INFOPLIST_FILE = CanvasUITests/Info.plist;
				LD_RUNPATH_SEARCH_PATHS = "$(inherited) @executable_path/Frameworks @loader_path/Frameworks";
				PRODUCT_BUNDLE_IDENTIFIER = test.CanvasUITests;
				PRODUCT_NAME = "$(TARGET_NAME)";
				TEST_TARGET_NAME = Canvas;
				USES_XCTRUNNER = YES;
			};
			name = Debug;
		};
		3990B2501C756D140011B853 /* Release */ = {
			isa = XCBuildConfiguration;
			buildSettings = {
				INFOPLIST_FILE = CanvasUITests/Info.plist;
				LD_RUNPATH_SEARCH_PATHS = "$(inherited) @executable_path/Frameworks @loader_path/Frameworks";
				PRODUCT_BUNDLE_IDENTIFIER = test.CanvasUITests;
				PRODUCT_NAME = "$(TARGET_NAME)";
				TEST_TARGET_NAME = Canvas;
				USES_XCTRUNNER = YES;
			};
			name = Release;
		};
/* End XCBuildConfiguration section */

/* Begin XCConfigurationList section */
		3990B21B1C756D130011B853 /* Build configuration list for PBXProject "Canvas" */ = {
			isa = XCConfigurationList;
			buildConfigurations = (
				3990B2461C756D140011B853 /* Debug */,
				3990B2471C756D140011B853 /* Release */,
			);
			defaultConfigurationIsVisible = 0;
			defaultConfigurationName = Release;
		};
		3990B2481C756D140011B853 /* Build configuration list for PBXNativeTarget "Canvas" */ = {
			isa = XCConfigurationList;
			buildConfigurations = (
				3990B2491C756D140011B853 /* Debug */,
				3990B24A1C756D140011B853 /* Release */,
			);
			defaultConfigurationIsVisible = 0;
		};
		3990B24B1C756D140011B853 /* Build configuration list for PBXNativeTarget "CanvasTests" */ = {
			isa = XCConfigurationList;
			buildConfigurations = (
				3990B24C1C756D140011B853 /* Debug */,
				3990B24D1C756D140011B853 /* Release */,
			);
			defaultConfigurationIsVisible = 0;
		};
		3990B24E1C756D140011B853 /* Build configuration list for PBXNativeTarget "CanvasUITests" */ = {
			isa = XCConfigurationList;
			buildConfigurations = (
				3990B24F1C756D140011B853 /* Debug */,
				3990B2501C756D140011B853 /* Release */,
			);
			defaultConfigurationIsVisible = 0;
		};
/* End XCConfigurationList section */
	};
	rootObject = 3990B2181C756D130011B853 /* Project object */;
}
